// !$*UTF8*$!
{
	archiveVersion = 1;
	classes = {
	};
	objectVersion = 52;
	objects = {

/* Begin PBXBuildFile section */
		031BCE54217A8C3500F4B44B /* CAtomics.framework in Frameworks */ = {isa = PBXBuildFile; fileRef = 031BCE57217A8C3500F4B44B /* CAtomics.framework */; };
		031BCE55217A8C3500F4B44B /* CurrentQoS.framework in Frameworks */ = {isa = PBXBuildFile; fileRef = 031BCE58217A8C3500F4B44B /* CurrentQoS.framework */; };
		031BCE56217A8C3500F4B44B /* Outcome.framework in Frameworks */ = {isa = PBXBuildFile; fileRef = 031BCE59217A8C3500F4B44B /* Outcome.framework */; };
		031BCE5D217A8C5100F4B44B /* CAtomics.framework in Frameworks */ = {isa = PBXBuildFile; fileRef = 031BCE57217A8C3500F4B44B /* CAtomics.framework */; };
		031BCE5E217A8C5100F4B44B /* CurrentQoS.framework in Frameworks */ = {isa = PBXBuildFile; fileRef = 031BCE58217A8C3500F4B44B /* CurrentQoS.framework */; };
		031BCE60217A8C5100F4B44B /* Outcome.framework in Frameworks */ = {isa = PBXBuildFile; fileRef = 031BCE59217A8C3500F4B44B /* Outcome.framework */; };
		031BCE74217A931200F4B44B /* deferred-subscriber.swift in Sources */ = {isa = PBXBuildFile; fileRef = 031BCE73217A931200F4B44B /* deferred-subscriber.swift */; };
		031BCE81217A94F900F4B44B /* deferred-next.swift in Sources */ = {isa = PBXBuildFile; fileRef = 031BCE79217A945500F4B44B /* deferred-next.swift */; };
		031BCE8B217A95B300F4B44B /* deferred-stream.swift in Sources */ = {isa = PBXBuildFile; fileRef = 031BCE87217A95B300F4B44B /* deferred-stream.swift */; };
		031C42651CFE4B9B00F4B44B /* stream-post.swift in Sources */ = {isa = PBXBuildFile; fileRef = 031C42641CFE4B9B00F4B44B /* stream-post.swift */; };
		031C42671CFE632D00F4B44B /* stream-substream.swift in Sources */ = {isa = PBXBuildFile; fileRef = 031C42661CFE632D00F4B44B /* stream-substream.swift */; };
		031C426A1CFE651700F4B44B /* stream-notifications.swift in Sources */ = {isa = PBXBuildFile; fileRef = 031C42691CFE651700F4B44B /* stream-notifications.swift */; };
		031C426C1CFE65C900F4B44B /* stream-reduce.swift in Sources */ = {isa = PBXBuildFile; fileRef = 031C426B1CFE65C900F4B44B /* stream-reduce.swift */; };
		031C426E1CFE660900F4B44B /* stream-next.swift in Sources */ = {isa = PBXBuildFile; fileRef = 031C426D1CFE660900F4B44B /* stream-next.swift */; };
		031C42701CFE666600F4B44B /* stream-split.swift in Sources */ = {isa = PBXBuildFile; fileRef = 031C426F1CFE666600F4B44B /* stream-split.swift */; };
		031CFBB91CEFB6CD00F4B44B /* stream-onrequest.swift in Sources */ = {isa = PBXBuildFile; fileRef = 031CFBB81CEFB6CD00F4B44B /* stream-onrequest.swift */; };
		0333401B217B5F8D00F4B44B /* stream-filter.swift in Sources */ = {isa = PBXBuildFile; fileRef = 03334017217B5F8D00F4B44B /* stream-filter.swift */; };
		0333402A217BB9A200F4B44B /* deferred-final.swift in Sources */ = {isa = PBXBuildFile; fileRef = 03334029217BB9A200F4B44B /* deferred-final.swift */; };
		0343BF94229F009E00F4B44B /* stream-notifier.swift in Sources */ = {isa = PBXBuildFile; fileRef = 0343BF93229F009E00F4B44B /* stream-notifier.swift */; };
		034F955323E0A8DD0086343E /* deferred in Frameworks */ = {isa = PBXBuildFile; productRef = 034F955223E0A8DD0086343E /* deferred */; };
		035312382224946E00F4B44B /* nzRandom.swift in Sources */ = {isa = PBXBuildFile; fileRef = 0353122B2224946E00F4B44B /* nzRandom.swift */; };
		035312392224946E00F4B44B /* flatMapTests.swift in Sources */ = {isa = PBXBuildFile; fileRef = 0353122C2224946E00F4B44B /* flatMapTests.swift */; };
		0353123A2224946E00F4B44B /* onRequestTests.swift in Sources */ = {isa = PBXBuildFile; fileRef = 0353122D2224946E00F4B44B /* onRequestTests.swift */; };
		0353123B2224946E00F4B44B /* deferredTests.swift in Sources */ = {isa = PBXBuildFile; fileRef = 0353122E2224946E00F4B44B /* deferredTests.swift */; };
		0353123C2224946E00F4B44B /* timerTests.swift in Sources */ = {isa = PBXBuildFile; fileRef = 0353122F2224946E00F4B44B /* timerTests.swift */; };
		0353123D2224946E00F4B44B /* TestError.swift in Sources */ = {isa = PBXBuildFile; fileRef = 035312302224946E00F4B44B /* TestError.swift */; };
		0353123E2224946E00F4B44B /* filterTests.swift in Sources */ = {isa = PBXBuildFile; fileRef = 035312312224946E00F4B44B /* filterTests.swift */; };
		0353123F2224946E00F4B44B /* reduceTests.swift in Sources */ = {isa = PBXBuildFile; fileRef = 035312322224946E00F4B44B /* reduceTests.swift */; };
		035312412224946E00F4B44B /* streamTests.swift in Sources */ = {isa = PBXBuildFile; fileRef = 035312342224946E00F4B44B /* streamTests.swift */; };
		035312422224946E00F4B44B /* subscriberTests.swift in Sources */ = {isa = PBXBuildFile; fileRef = 035312352224946E00F4B44B /* subscriberTests.swift */; };
		035312432224946E00F4B44B /* mergeTests.swift in Sources */ = {isa = PBXBuildFile; fileRef = 035312362224946E00F4B44B /* mergeTests.swift */; };
		035312442224946E00F4B44B /* eventTests.swift in Sources */ = {isa = PBXBuildFile; fileRef = 035312372224946E00F4B44B /* eventTests.swift */; };
		036941D520EC4E5600F4B44B /* stream-timer.swift in Sources */ = {isa = PBXBuildFile; fileRef = 036941D420EC4E5600F4B44B /* stream-timer.swift */; };
		038527D61CD46A1500F4B44B /* stream.h in Headers */ = {isa = PBXBuildFile; fileRef = 038527D51CD46A1500F4B44B /* stream.h */; settings = {ATTRIBUTES = (Public, ); }; };
		038527DD1CD46A1500F4B44B /* ReactiveStreams.framework in Frameworks */ = {isa = PBXBuildFile; fileRef = 038527D21CD46A1500F4B44B /* ReactiveStreams.framework */; };
		038EB3A51CDD35EC00F4B44B /* stream-merge.swift in Sources */ = {isa = PBXBuildFile; fileRef = 038EB3A41CDD35EC00F4B44B /* stream-merge.swift */; };
		038EB3A71CDD361A00F4B44B /* validated-queue.swift in Sources */ = {isa = PBXBuildFile; fileRef = 038EB3A61CDD361A00F4B44B /* validated-queue.swift */; };
		03A0D5BF1EB15ED000F4B44B /* stream-paused.swift in Sources */ = {isa = PBXBuildFile; fileRef = 03A0D5BE1EB15ED000F4B44B /* stream-paused.swift */; };
		03A0D5C11EB31C0600F4B44B /* stream-limited.swift in Sources */ = {isa = PBXBuildFile; fileRef = 03A0D5C01EB31C0600F4B44B /* stream-limited.swift */; };
		03A1465D2224966E00F4B44B /* mapTests.swift in Sources */ = {isa = PBXBuildFile; fileRef = 03A1465C2224966E00F4B44B /* mapTests.swift */; };
		03A14662222497BC00F4B44B /* notificationTests.swift in Sources */ = {isa = PBXBuildFile; fileRef = 03A14661222497BC00F4B44B /* notificationTests.swift */; };
		03A1469722259E6600F4B44B /* postBoxTests.swift in Sources */ = {isa = PBXBuildFile; fileRef = 03A1469322259E6600F4B44B /* postBoxTests.swift */; };
		03D89FBE1CD46B4300F4B44B /* stream.swift in Sources */ = {isa = PBXBuildFile; fileRef = 03D89FBD1CD46B4300F4B44B /* stream.swift */; };
		03D89FC01CD46C0700F4B44B /* event.swift in Sources */ = {isa = PBXBuildFile; fileRef = 03D89FBF1CD46C0700F4B44B /* event.swift */; };
		03E1929B1CE4432000F4B44B /* subscription.swift in Sources */ = {isa = PBXBuildFile; fileRef = 03E1929A1CE4432000F4B44B /* subscription.swift */; };
		03E1929D1CE4474500F4B44B /* publisher.swift in Sources */ = {isa = PBXBuildFile; fileRef = 03E1929C1CE4474500F4B44B /* publisher.swift */; };
		03F6666A1CE0145100F4B44B /* subscriber.swift in Sources */ = {isa = PBXBuildFile; fileRef = 03D89FC31CD4702400F4B44B /* subscriber.swift */; };
		03FCE9D21CD8F93D00F4B44B /* stream-map.swift in Sources */ = {isa = PBXBuildFile; fileRef = 03FCE9D11CD8F93D00F4B44B /* stream-map.swift */; };
		03FD4DAD21581BFC00F4B44B /* stream-final.swift in Sources */ = {isa = PBXBuildFile; fileRef = 03FD4DAC21581BFC00F4B44B /* stream-final.swift */; };
		03FD4DB821581E4D00F4B44B /* stream-skip.swift in Sources */ = {isa = PBXBuildFile; fileRef = 03FD4DB721581E4D00F4B44B /* stream-skip.swift */; };
/* End PBXBuildFile section */

/* Begin PBXContainerItemProxy section */
		038527DE1CD46A1500F4B44B /* PBXContainerItemProxy */ = {
			isa = PBXContainerItemProxy;
			containerPortal = 038527C91CD46A1500F4B44B /* Project object */;
			proxyType = 1;
			remoteGlobalIDString = 038527D11CD46A1500F4B44B;
			remoteInfo = stream;
		};
/* End PBXContainerItemProxy section */

/* Begin PBXFileReference section */
		031BCE57217A8C3500F4B44B /* CAtomics.framework */ = {isa = PBXFileReference; explicitFileType = wrapper.framework; path = CAtomics.framework; sourceTree = BUILT_PRODUCTS_DIR; };
		031BCE58217A8C3500F4B44B /* CurrentQoS.framework */ = {isa = PBXFileReference; explicitFileType = wrapper.framework; path = CurrentQoS.framework; sourceTree = BUILT_PRODUCTS_DIR; };
		031BCE59217A8C3500F4B44B /* Outcome.framework */ = {isa = PBXFileReference; explicitFileType = wrapper.framework; path = Outcome.framework; sourceTree = BUILT_PRODUCTS_DIR; };
		031BCE73217A931200F4B44B /* deferred-subscriber.swift */ = {isa = PBXFileReference; fileEncoding = 4; lastKnownFileType = sourcecode.swift; path = "deferred-subscriber.swift"; sourceTree = "<group>"; };
		031BCE79217A945500F4B44B /* deferred-next.swift */ = {isa = PBXFileReference; fileEncoding = 4; lastKnownFileType = sourcecode.swift; path = "deferred-next.swift"; sourceTree = "<group>"; };
		031BCE87217A95B300F4B44B /* deferred-stream.swift */ = {isa = PBXFileReference; fileEncoding = 4; lastKnownFileType = sourcecode.swift; path = "deferred-stream.swift"; sourceTree = "<group>"; };
		031C42641CFE4B9B00F4B44B /* stream-post.swift */ = {isa = PBXFileReference; fileEncoding = 4; lastKnownFileType = sourcecode.swift; path = "stream-post.swift"; sourceTree = "<group>"; };
		031C42661CFE632D00F4B44B /* stream-substream.swift */ = {isa = PBXFileReference; fileEncoding = 4; lastKnownFileType = sourcecode.swift; path = "stream-substream.swift"; sourceTree = "<group>"; };
		031C42691CFE651700F4B44B /* stream-notifications.swift */ = {isa = PBXFileReference; fileEncoding = 4; lastKnownFileType = sourcecode.swift; path = "stream-notifications.swift"; sourceTree = "<group>"; };
		031C426B1CFE65C900F4B44B /* stream-reduce.swift */ = {isa = PBXFileReference; fileEncoding = 4; lastKnownFileType = sourcecode.swift; path = "stream-reduce.swift"; sourceTree = "<group>"; };
		031C426D1CFE660900F4B44B /* stream-next.swift */ = {isa = PBXFileReference; fileEncoding = 4; lastKnownFileType = sourcecode.swift; path = "stream-next.swift"; sourceTree = "<group>"; };
		031C426F1CFE666600F4B44B /* stream-split.swift */ = {isa = PBXFileReference; fileEncoding = 4; lastKnownFileType = sourcecode.swift; path = "stream-split.swift"; sourceTree = "<group>"; };
		031CFBB81CEFB6CD00F4B44B /* stream-onrequest.swift */ = {isa = PBXFileReference; fileEncoding = 4; lastKnownFileType = sourcecode.swift; path = "stream-onrequest.swift"; sourceTree = "<group>"; };
		03334017217B5F8D00F4B44B /* stream-filter.swift */ = {isa = PBXFileReference; fileEncoding = 4; lastKnownFileType = sourcecode.swift; path = "stream-filter.swift"; sourceTree = "<group>"; };
		03334029217BB9A200F4B44B /* deferred-final.swift */ = {isa = PBXFileReference; lastKnownFileType = sourcecode.swift; path = "deferred-final.swift"; sourceTree = "<group>"; };
		0343BF93229F009E00F4B44B /* stream-notifier.swift */ = {isa = PBXFileReference; lastKnownFileType = sourcecode.swift; path = "stream-notifier.swift"; sourceTree = "<group>"; };
		0353122B2224946E00F4B44B /* nzRandom.swift */ = {isa = PBXFileReference; fileEncoding = 4; lastKnownFileType = sourcecode.swift; path = nzRandom.swift; sourceTree = "<group>"; };
		0353122C2224946E00F4B44B /* flatMapTests.swift */ = {isa = PBXFileReference; fileEncoding = 4; lastKnownFileType = sourcecode.swift; path = flatMapTests.swift; sourceTree = "<group>"; };
		0353122D2224946E00F4B44B /* onRequestTests.swift */ = {isa = PBXFileReference; fileEncoding = 4; lastKnownFileType = sourcecode.swift; path = onRequestTests.swift; sourceTree = "<group>"; };
		0353122E2224946E00F4B44B /* deferredTests.swift */ = {isa = PBXFileReference; fileEncoding = 4; lastKnownFileType = sourcecode.swift; path = deferredTests.swift; sourceTree = "<group>"; };
		0353122F2224946E00F4B44B /* timerTests.swift */ = {isa = PBXFileReference; fileEncoding = 4; lastKnownFileType = sourcecode.swift; path = timerTests.swift; sourceTree = "<group>"; };
		035312302224946E00F4B44B /* TestError.swift */ = {isa = PBXFileReference; fileEncoding = 4; lastKnownFileType = sourcecode.swift; path = TestError.swift; sourceTree = "<group>"; };
		035312312224946E00F4B44B /* filterTests.swift */ = {isa = PBXFileReference; fileEncoding = 4; lastKnownFileType = sourcecode.swift; path = filterTests.swift; sourceTree = "<group>"; };
		035312322224946E00F4B44B /* reduceTests.swift */ = {isa = PBXFileReference; fileEncoding = 4; lastKnownFileType = sourcecode.swift; path = reduceTests.swift; sourceTree = "<group>"; };
		035312332224946E00F4B44B /* XCTestManifests.swift */ = {isa = PBXFileReference; fileEncoding = 4; lastKnownFileType = sourcecode.swift; path = XCTestManifests.swift; sourceTree = "<group>"; };
		035312342224946E00F4B44B /* streamTests.swift */ = {isa = PBXFileReference; fileEncoding = 4; lastKnownFileType = sourcecode.swift; path = streamTests.swift; sourceTree = "<group>"; };
		035312352224946E00F4B44B /* subscriberTests.swift */ = {isa = PBXFileReference; fileEncoding = 4; lastKnownFileType = sourcecode.swift; path = subscriberTests.swift; sourceTree = "<group>"; };
		035312362224946E00F4B44B /* mergeTests.swift */ = {isa = PBXFileReference; fileEncoding = 4; lastKnownFileType = sourcecode.swift; path = mergeTests.swift; sourceTree = "<group>"; };
		035312372224946E00F4B44B /* eventTests.swift */ = {isa = PBXFileReference; fileEncoding = 4; lastKnownFileType = sourcecode.swift; path = eventTests.swift; sourceTree = "<group>"; };
		035FD8C82166BEA000F4B44B /* test-script.sh */ = {isa = PBXFileReference; lastKnownFileType = text.script.sh; name = "test-script.sh"; path = "../Tests/test-script.sh"; sourceTree = "<group>"; };
		036162D5216577B700F4B44B /* install-swift.sh */ = {isa = PBXFileReference; lastKnownFileType = text.script.sh; name = "install-swift.sh"; path = "../Tests/install-swift.sh"; sourceTree = "<group>"; };
		036941D420EC4E5600F4B44B /* stream-timer.swift */ = {isa = PBXFileReference; lastKnownFileType = sourcecode.swift; path = "stream-timer.swift"; sourceTree = "<group>"; };
		038527D21CD46A1500F4B44B /* ReactiveStreams.framework */ = {isa = PBXFileReference; explicitFileType = wrapper.framework; includeInIndex = 0; path = ReactiveStreams.framework; sourceTree = BUILT_PRODUCTS_DIR; };
		038527D51CD46A1500F4B44B /* stream.h */ = {isa = PBXFileReference; lastKnownFileType = sourcecode.c.h; path = stream.h; sourceTree = "<group>"; };
		038527D71CD46A1500F4B44B /* Info.plist */ = {isa = PBXFileReference; lastKnownFileType = text.plist.xml; path = Info.plist; sourceTree = "<group>"; };
		038527DC1CD46A1500F4B44B /* ReactiveStreamsTests.xctest */ = {isa = PBXFileReference; explicitFileType = wrapper.cfbundle; includeInIndex = 0; path = ReactiveStreamsTests.xctest; sourceTree = BUILT_PRODUCTS_DIR; };
		038527E31CD46A1500F4B44B /* Info.plist */ = {isa = PBXFileReference; lastKnownFileType = text.plist.xml; path = Info.plist; sourceTree = "<group>"; };
		038EB3A41CDD35EC00F4B44B /* stream-merge.swift */ = {isa = PBXFileReference; fileEncoding = 4; lastKnownFileType = sourcecode.swift; path = "stream-merge.swift"; sourceTree = "<group>"; };
		038EB3A61CDD361A00F4B44B /* validated-queue.swift */ = {isa = PBXFileReference; fileEncoding = 4; lastKnownFileType = sourcecode.swift; path = "validated-queue.swift"; sourceTree = "<group>"; };
		038FD36F1F573C2D00F4B44B /* Package.swift */ = {isa = PBXFileReference; lastKnownFileType = sourcecode.swift; name = Package.swift; path = ../Package.swift; sourceTree = "<group>"; };
		03A0D5BE1EB15ED000F4B44B /* stream-paused.swift */ = {isa = PBXFileReference; fileEncoding = 4; lastKnownFileType = sourcecode.swift; path = "stream-paused.swift"; sourceTree = "<group>"; };
		03A0D5C01EB31C0600F4B44B /* stream-limited.swift */ = {isa = PBXFileReference; fileEncoding = 4; lastKnownFileType = sourcecode.swift; path = "stream-limited.swift"; sourceTree = "<group>"; };
		03A1465C2224966E00F4B44B /* mapTests.swift */ = {isa = PBXFileReference; lastKnownFileType = sourcecode.swift; path = mapTests.swift; sourceTree = "<group>"; };
		03A14661222497BC00F4B44B /* notificationTests.swift */ = {isa = PBXFileReference; lastKnownFileType = sourcecode.swift; path = notificationTests.swift; sourceTree = "<group>"; };
		03A1469322259E6600F4B44B /* postBoxTests.swift */ = {isa = PBXFileReference; fileEncoding = 4; lastKnownFileType = sourcecode.swift; path = postBoxTests.swift; sourceTree = "<group>"; };
		03B817B52218CD1C00F4B44B /* Package@swift-4.2.swift */ = {isa = PBXFileReference; lastKnownFileType = sourcecode.swift; name = "Package@swift-4.2.swift"; path = "../Package@swift-4.2.swift"; sourceTree = "<group>"; };
		03BBC54F20E44A3D00F4B44B /* .travis.yml */ = {isa = PBXFileReference; lastKnownFileType = text; name = .travis.yml; path = ../.travis.yml; sourceTree = "<group>"; };
		03D89FBD1CD46B4300F4B44B /* stream.swift */ = {isa = PBXFileReference; fileEncoding = 4; lastKnownFileType = sourcecode.swift; path = stream.swift; sourceTree = "<group>"; };
		03D89FBF1CD46C0700F4B44B /* event.swift */ = {isa = PBXFileReference; fileEncoding = 4; lastKnownFileType = sourcecode.swift; path = event.swift; sourceTree = "<group>"; };
		03D89FC31CD4702400F4B44B /* subscriber.swift */ = {isa = PBXFileReference; fileEncoding = 4; lastKnownFileType = sourcecode.swift; path = subscriber.swift; sourceTree = "<group>"; };
		03E1929A1CE4432000F4B44B /* subscription.swift */ = {isa = PBXFileReference; fileEncoding = 4; lastKnownFileType = sourcecode.swift; path = subscription.swift; sourceTree = "<group>"; };
		03E1929C1CE4474500F4B44B /* publisher.swift */ = {isa = PBXFileReference; fileEncoding = 4; lastKnownFileType = sourcecode.swift; path = publisher.swift; sourceTree = "<group>"; };
		03FCE9D11CD8F93D00F4B44B /* stream-map.swift */ = {isa = PBXFileReference; fileEncoding = 4; lastKnownFileType = sourcecode.swift; path = "stream-map.swift"; sourceTree = "<group>"; };
		03FD4DAC21581BFC00F4B44B /* stream-final.swift */ = {isa = PBXFileReference; lastKnownFileType = sourcecode.swift; path = "stream-final.swift"; sourceTree = "<group>"; };
		03FD4DB721581E4D00F4B44B /* stream-skip.swift */ = {isa = PBXFileReference; fileEncoding = 4; lastKnownFileType = sourcecode.swift; path = "stream-skip.swift"; sourceTree = "<group>"; };
/* End PBXFileReference section */

/* Begin PBXFrameworksBuildPhase section */
		038527CE1CD46A1500F4B44B /* Frameworks */ = {
			isa = PBXFrameworksBuildPhase;
			buildActionMask = 2147483647;
			files = (
				031BCE54217A8C3500F4B44B /* CAtomics.framework in Frameworks */,
				031BCE55217A8C3500F4B44B /* CurrentQoS.framework in Frameworks */,
				034F955323E0A8DD0086343E /* deferred in Frameworks */,
				031BCE56217A8C3500F4B44B /* Outcome.framework in Frameworks */,
			);
			runOnlyForDeploymentPostprocessing = 0;
		};
		038527D91CD46A1500F4B44B /* Frameworks */ = {
			isa = PBXFrameworksBuildPhase;
			buildActionMask = 2147483647;
			files = (
				031BCE5D217A8C5100F4B44B /* CAtomics.framework in Frameworks */,
				031BCE5E217A8C5100F4B44B /* CurrentQoS.framework in Frameworks */,
				031BCE60217A8C5100F4B44B /* Outcome.framework in Frameworks */,
				038527DD1CD46A1500F4B44B /* ReactiveStreams.framework in Frameworks */,
			);
			runOnlyForDeploymentPostprocessing = 0;
		};
/* End PBXFrameworksBuildPhase section */

/* Begin PBXGroup section */
		031BCE6F217A92F900F4B44B /* deferred operations */ = {
			isa = PBXGroup;
			children = (
				031BCE73217A931200F4B44B /* deferred-subscriber.swift */,
				03334029217BB9A200F4B44B /* deferred-final.swift */,
				031BCE79217A945500F4B44B /* deferred-next.swift */,
				031BCE87217A95B300F4B44B /* deferred-stream.swift */,
			);
			name = "deferred operations";
			sourceTree = "<group>";
		};
		031C42681CFE64C000F4B44B /* stream operations */ = {
			isa = PBXGroup;
			children = (
				03FCE9D11CD8F93D00F4B44B /* stream-map.swift */,
				038EB3A41CDD35EC00F4B44B /* stream-merge.swift */,
				031C42691CFE651700F4B44B /* stream-notifications.swift */,
				031C426B1CFE65C900F4B44B /* stream-reduce.swift */,
				031C426D1CFE660900F4B44B /* stream-next.swift */,
				03FD4DB721581E4D00F4B44B /* stream-skip.swift */,
				031C426F1CFE666600F4B44B /* stream-split.swift */,
				03A0D5BE1EB15ED000F4B44B /* stream-paused.swift */,
				03FD4DAC21581BFC00F4B44B /* stream-final.swift */,
				03334017217B5F8D00F4B44B /* stream-filter.swift */,
			);
			name = "stream operations";
			sourceTree = "<group>";
		};
		035312062224943F00F4B44B /* Tests */ = {
			isa = PBXGroup;
			children = (
				035312372224946E00F4B44B /* eventTests.swift */,
				035312342224946E00F4B44B /* streamTests.swift */,
				0353122D2224946E00F4B44B /* onRequestTests.swift */,
				03A1469322259E6600F4B44B /* postBoxTests.swift */,
				03A14661222497BC00F4B44B /* notificationTests.swift */,
				035312312224946E00F4B44B /* filterTests.swift */,
				03A1465C2224966E00F4B44B /* mapTests.swift */,
				035312362224946E00F4B44B /* mergeTests.swift */,
				0353122C2224946E00F4B44B /* flatMapTests.swift */,
				035312322224946E00F4B44B /* reduceTests.swift */,
				035312352224946E00F4B44B /* subscriberTests.swift */,
				0353122F2224946E00F4B44B /* timerTests.swift */,
				0353122E2224946E00F4B44B /* deferredTests.swift */,
				03531247222494EC00F4B44B /* Utilities */,
				035312332224946E00F4B44B /* XCTestManifests.swift */,
			);
			name = Tests;
			path = ../Tests/ReactiveStreamsTests;
			sourceTree = "<group>";
		};
		03531247222494EC00F4B44B /* Utilities */ = {
			isa = PBXGroup;
			children = (
				0353122B2224946E00F4B44B /* nzRandom.swift */,
				035312302224946E00F4B44B /* TestError.swift */,
			);
			name = Utilities;
			sourceTree = "<group>";
		};
		036346AA20E1F58700F4B44B /* dependencies */ = {
			isa = PBXGroup;
			children = (
			);
			name = dependencies;
			sourceTree = "<group>";
		};
		038527C81CD46A1500F4B44B = {
			isa = PBXGroup;
			children = (
				038FD36F1F573C2D00F4B44B /* Package.swift */,
				03B817B52218CD1C00F4B44B /* Package@swift-4.2.swift */,
				03BBC54F20E44A3D00F4B44B /* .travis.yml */,
				036162D5216577B700F4B44B /* install-swift.sh */,
				035FD8C82166BEA000F4B44B /* test-script.sh */,
				03D89FBC1CD46B4300F4B44B /* Sources */,
				035312062224943F00F4B44B /* Tests */,
				038527D41CD46A1500F4B44B /* stream */,
				038527E01CD46A1500F4B44B /* streamTests */,
				036346AA20E1F58700F4B44B /* dependencies */,
				038527D31CD46A1500F4B44B /* Products */,
				03CB533620E1F67700F4B44B /* Frameworks */,
			);
			sourceTree = "<group>";
		};
		038527D31CD46A1500F4B44B /* Products */ = {
			isa = PBXGroup;
			children = (
				038527D21CD46A1500F4B44B /* ReactiveStreams.framework */,
				038527DC1CD46A1500F4B44B /* ReactiveStreamsTests.xctest */,
			);
			name = Products;
			sourceTree = "<group>";
		};
		038527D41CD46A1500F4B44B /* stream */ = {
			isa = PBXGroup;
			children = (
				038527D51CD46A1500F4B44B /* stream.h */,
				038527D71CD46A1500F4B44B /* Info.plist */,
			);
			path = stream;
			sourceTree = "<group>";
		};
		038527E01CD46A1500F4B44B /* streamTests */ = {
			isa = PBXGroup;
			children = (
				038527E31CD46A1500F4B44B /* Info.plist */,
			);
			path = streamTests;
			sourceTree = "<group>";
		};
		03CB533620E1F67700F4B44B /* Frameworks */ = {
			isa = PBXGroup;
			children = (
				031BCE57217A8C3500F4B44B /* CAtomics.framework */,
				031BCE58217A8C3500F4B44B /* CurrentQoS.framework */,
				031BCE59217A8C3500F4B44B /* Outcome.framework */,
			);
			name = Frameworks;
			sourceTree = "<group>";
		};
		03D89FBC1CD46B4300F4B44B /* Sources */ = {
			isa = PBXGroup;
			children = (
				03D89FBD1CD46B4300F4B44B /* stream.swift */,
				031C42641CFE4B9B00F4B44B /* stream-post.swift */,
				031CFBB81CEFB6CD00F4B44B /* stream-onrequest.swift */,
				031C42661CFE632D00F4B44B /* stream-substream.swift */,
				03A0D5C01EB31C0600F4B44B /* stream-limited.swift */,
				036941D420EC4E5600F4B44B /* stream-timer.swift */,
				0343BF93229F009E00F4B44B /* stream-notifier.swift */,
				031C42681CFE64C000F4B44B /* stream operations */,
				031BCE6F217A92F900F4B44B /* deferred operations */,
				03D89FBF1CD46C0700F4B44B /* event.swift */,
				03E1929C1CE4474500F4B44B /* publisher.swift */,
				03E1929A1CE4432000F4B44B /* subscription.swift */,
				03D89FC31CD4702400F4B44B /* subscriber.swift */,
				038EB3A61CDD361A00F4B44B /* validated-queue.swift */,
			);
			name = Sources;
			path = ../Sources/ReactiveStreams;
			sourceTree = "<group>";
		};
/* End PBXGroup section */

/* Begin PBXHeadersBuildPhase section */
		038527CF1CD46A1500F4B44B /* Headers */ = {
			isa = PBXHeadersBuildPhase;
			buildActionMask = 2147483647;
			files = (
				038527D61CD46A1500F4B44B /* stream.h in Headers */,
			);
			runOnlyForDeploymentPostprocessing = 0;
		};
/* End PBXHeadersBuildPhase section */

/* Begin PBXNativeTarget section */
		038527D11CD46A1500F4B44B /* ReactiveStreams */ = {
			isa = PBXNativeTarget;
			buildConfigurationList = 038527E61CD46A1500F4B44B /* Build configuration list for PBXNativeTarget "ReactiveStreams" */;
			buildPhases = (
				038527CD1CD46A1500F4B44B /* Sources */,
				038527CE1CD46A1500F4B44B /* Frameworks */,
				038527CF1CD46A1500F4B44B /* Headers */,
				038527D01CD46A1500F4B44B /* Resources */,
			);
			buildRules = (
			);
			dependencies = (
			);
			name = ReactiveStreams;
			packageProductDependencies = (
				034F955223E0A8DD0086343E /* deferred */,
			);
			productName = stream;
			productReference = 038527D21CD46A1500F4B44B /* ReactiveStreams.framework */;
			productType = "com.apple.product-type.framework";
		};
		038527DB1CD46A1500F4B44B /* ReactiveStreamsTests */ = {
			isa = PBXNativeTarget;
			buildConfigurationList = 038527E91CD46A1500F4B44B /* Build configuration list for PBXNativeTarget "ReactiveStreamsTests" */;
			buildPhases = (
				036A8C4520E7059600F4B44B /* ShellScript */,
				038527D81CD46A1500F4B44B /* Sources */,
				038527D91CD46A1500F4B44B /* Frameworks */,
				038527DA1CD46A1500F4B44B /* Resources */,
			);
			buildRules = (
			);
			dependencies = (
				038527DF1CD46A1500F4B44B /* PBXTargetDependency */,
			);
			name = ReactiveStreamsTests;
			productName = streamTests;
			productReference = 038527DC1CD46A1500F4B44B /* ReactiveStreamsTests.xctest */;
			productType = "com.apple.product-type.bundle.unit-test";
		};
/* End PBXNativeTarget section */

/* Begin PBXProject section */
		038527C91CD46A1500F4B44B /* Project object */ = {
			isa = PBXProject;
			attributes = {
				LastSwiftUpdateCheck = 0730;
				LastUpgradeCheck = 0940;
				ORGANIZATIONNAME = "Guillaume Lessard";
				TargetAttributes = {
					038527D11CD46A1500F4B44B = {
						CreatedOnToolsVersion = 7.3;
						LastSwiftMigration = 0900;
					};
					038527DB1CD46A1500F4B44B = {
						CreatedOnToolsVersion = 7.3;
						LastSwiftMigration = 0900;
					};
				};
			};
			buildConfigurationList = 038527CC1CD46A1500F4B44B /* Build configuration list for PBXProject "stream" */;
			compatibilityVersion = "Xcode 3.2";
			developmentRegion = en;
			hasScannedForEncodings = 0;
			knownRegions = (
				en,
			);
			mainGroup = 038527C81CD46A1500F4B44B;
			packageReferences = (
				034F955123E0A8DD0086343E /* XCRemoteSwiftPackageReference "deferred" */,
			);
			productRefGroup = 038527D31CD46A1500F4B44B /* Products */;
			projectDirPath = "";
			projectRoot = "";
			targets = (
				038527D11CD46A1500F4B44B /* ReactiveStreams */,
				038527DB1CD46A1500F4B44B /* ReactiveStreamsTests */,
			);
		};
/* End PBXProject section */

/* Begin PBXResourcesBuildPhase section */
		038527D01CD46A1500F4B44B /* Resources */ = {
			isa = PBXResourcesBuildPhase;
			buildActionMask = 2147483647;
			files = (
			);
			runOnlyForDeploymentPostprocessing = 0;
		};
		038527DA1CD46A1500F4B44B /* Resources */ = {
			isa = PBXResourcesBuildPhase;
			buildActionMask = 2147483647;
			files = (
			);
			runOnlyForDeploymentPostprocessing = 0;
		};
/* End PBXResourcesBuildPhase section */

/* Begin PBXShellScriptBuildPhase section */
		036A8C4520E7059600F4B44B /* ShellScript */ = {
			isa = PBXShellScriptBuildPhase;
			buildActionMask = 2147483647;
			files = (
			);
			inputPaths = (
			);
			outputPaths = (
			);
			runOnlyForDeploymentPostprocessing = 0;
			shellPath = /bin/sh;
			shellScript = "/bin/bash ${PROJECT_DIR}/../Utilities/generate-linuxmain.sh\n";
			showEnvVarsInLog = 0;
		};
/* End PBXShellScriptBuildPhase section */

/* Begin PBXSourcesBuildPhase section */
		038527CD1CD46A1500F4B44B /* Sources */ = {
			isa = PBXSourcesBuildPhase;
			buildActionMask = 2147483647;
			files = (
				03FD4DAD21581BFC00F4B44B /* stream-final.swift in Sources */,
				031C42671CFE632D00F4B44B /* stream-substream.swift in Sources */,
				031CFBB91CEFB6CD00F4B44B /* stream-onrequest.swift in Sources */,
				0343BF94229F009E00F4B44B /* stream-notifier.swift in Sources */,
				036941D520EC4E5600F4B44B /* stream-timer.swift in Sources */,
				031C42701CFE666600F4B44B /* stream-split.swift in Sources */,
				031BCE81217A94F900F4B44B /* deferred-next.swift in Sources */,
				03E1929D1CE4474500F4B44B /* publisher.swift in Sources */,
				03FCE9D21CD8F93D00F4B44B /* stream-map.swift in Sources */,
				03D89FC01CD46C0700F4B44B /* event.swift in Sources */,
				031BCE74217A931200F4B44B /* deferred-subscriber.swift in Sources */,
				031C426E1CFE660900F4B44B /* stream-next.swift in Sources */,
				031BCE8B217A95B300F4B44B /* deferred-stream.swift in Sources */,
				031C426C1CFE65C900F4B44B /* stream-reduce.swift in Sources */,
				0333401B217B5F8D00F4B44B /* stream-filter.swift in Sources */,
				03A0D5BF1EB15ED000F4B44B /* stream-paused.swift in Sources */,
				03A0D5C11EB31C0600F4B44B /* stream-limited.swift in Sources */,
				03D89FBE1CD46B4300F4B44B /* stream.swift in Sources */,
				031C42651CFE4B9B00F4B44B /* stream-post.swift in Sources */,
				038EB3A51CDD35EC00F4B44B /* stream-merge.swift in Sources */,
				03FD4DB821581E4D00F4B44B /* stream-skip.swift in Sources */,
				038EB3A71CDD361A00F4B44B /* validated-queue.swift in Sources */,
				031C426A1CFE651700F4B44B /* stream-notifications.swift in Sources */,
				03F6666A1CE0145100F4B44B /* subscriber.swift in Sources */,
				03E1929B1CE4432000F4B44B /* subscription.swift in Sources */,
				0333402A217BB9A200F4B44B /* deferred-final.swift in Sources */,
			);
			runOnlyForDeploymentPostprocessing = 0;
		};
		038527D81CD46A1500F4B44B /* Sources */ = {
			isa = PBXSourcesBuildPhase;
			buildActionMask = 2147483647;
			files = (
				035312422224946E00F4B44B /* subscriberTests.swift in Sources */,
				0353123B2224946E00F4B44B /* deferredTests.swift in Sources */,
				03A14662222497BC00F4B44B /* notificationTests.swift in Sources */,
				035312392224946E00F4B44B /* flatMapTests.swift in Sources */,
				0353123E2224946E00F4B44B /* filterTests.swift in Sources */,
				0353123A2224946E00F4B44B /* onRequestTests.swift in Sources */,
				035312442224946E00F4B44B /* eventTests.swift in Sources */,
				035312382224946E00F4B44B /* nzRandom.swift in Sources */,
				0353123D2224946E00F4B44B /* TestError.swift in Sources */,
				035312412224946E00F4B44B /* streamTests.swift in Sources */,
				0353123C2224946E00F4B44B /* timerTests.swift in Sources */,
				035312432224946E00F4B44B /* mergeTests.swift in Sources */,
				03A1465D2224966E00F4B44B /* mapTests.swift in Sources */,
				0353123F2224946E00F4B44B /* reduceTests.swift in Sources */,
				03A1469722259E6600F4B44B /* postBoxTests.swift in Sources */,
			);
			runOnlyForDeploymentPostprocessing = 0;
		};
/* End PBXSourcesBuildPhase section */

/* Begin PBXTargetDependency section */
		038527DF1CD46A1500F4B44B /* PBXTargetDependency */ = {
			isa = PBXTargetDependency;
			target = 038527D11CD46A1500F4B44B /* ReactiveStreams */;
			targetProxy = 038527DE1CD46A1500F4B44B /* PBXContainerItemProxy */;
		};
/* End PBXTargetDependency section */

/* Begin XCBuildConfiguration section */
		038527E41CD46A1500F4B44B /* Debug */ = {
			isa = XCBuildConfiguration;
			buildSettings = {
				ALWAYS_SEARCH_USER_PATHS = NO;
				CLANG_ANALYZER_LOCALIZABILITY_NONLOCALIZED = YES;
				CLANG_ANALYZER_NONNULL = YES;
				CLANG_CXX_LANGUAGE_STANDARD = "gnu++0x";
				CLANG_CXX_LIBRARY = "libc++";
				CLANG_ENABLE_MODULES = YES;
				CLANG_ENABLE_OBJC_ARC = YES;
				CLANG_WARN_BLOCK_CAPTURE_AUTORELEASING = YES;
				CLANG_WARN_BOOL_CONVERSION = YES;
				CLANG_WARN_COMMA = YES;
				CLANG_WARN_CONSTANT_CONVERSION = YES;
				CLANG_WARN_DEPRECATED_OBJC_IMPLEMENTATIONS = YES;
				CLANG_WARN_DIRECT_OBJC_ISA_USAGE = YES_ERROR;
				CLANG_WARN_EMPTY_BODY = YES;
				CLANG_WARN_ENUM_CONVERSION = YES;
				CLANG_WARN_INFINITE_RECURSION = YES;
				CLANG_WARN_INT_CONVERSION = YES;
				CLANG_WARN_NON_LITERAL_NULL_CONVERSION = YES;
				CLANG_WARN_OBJC_IMPLICIT_RETAIN_SELF = YES;
				CLANG_WARN_OBJC_LITERAL_CONVERSION = YES;
				CLANG_WARN_OBJC_ROOT_CLASS = YES_ERROR;
				CLANG_WARN_RANGE_LOOP_ANALYSIS = YES;
				CLANG_WARN_STRICT_PROTOTYPES = YES;
				CLANG_WARN_SUSPICIOUS_MOVE = YES;
				CLANG_WARN_UNREACHABLE_CODE = YES;
				CLANG_WARN__DUPLICATE_METHOD_MATCH = YES;
				CODE_SIGN_IDENTITY = "-";
				COPY_PHASE_STRIP = NO;
				CURRENT_PROJECT_VERSION = 1;
				DEBUG_INFORMATION_FORMAT = dwarf;
				ENABLE_STRICT_OBJC_MSGSEND = YES;
				ENABLE_TESTABILITY = YES;
				GCC_C_LANGUAGE_STANDARD = gnu99;
				GCC_DYNAMIC_NO_PIC = NO;
				GCC_NO_COMMON_BLOCKS = YES;
				GCC_OPTIMIZATION_LEVEL = 0;
				GCC_PREPROCESSOR_DEFINITIONS = (
					"DEBUG=1",
					"$(inherited)",
				);
				GCC_WARN_64_TO_32_BIT_CONVERSION = YES;
				GCC_WARN_ABOUT_RETURN_TYPE = YES_ERROR;
				GCC_WARN_UNDECLARED_SELECTOR = YES;
				GCC_WARN_UNINITIALIZED_AUTOS = YES_AGGRESSIVE;
				GCC_WARN_UNUSED_FUNCTION = YES;
				GCC_WARN_UNUSED_VARIABLE = YES;
				MACOSX_DEPLOYMENT_TARGET = 10.10;
				MTL_ENABLE_DEBUG_INFO = YES;
				ONLY_ACTIVE_ARCH = YES;
				SDKROOT = macosx;
				SWIFT_OPTIMIZATION_LEVEL = "-Onone";
				SWIFT_SWIFT3_OBJC_INFERENCE = Off;
				SWIFT_VERSION = 5.0;
				VERSIONING_SYSTEM = "apple-generic";
				VERSION_INFO_PREFIX = "";
			};
			name = Debug;
		};
		038527E51CD46A1500F4B44B /* Release */ = {
			isa = XCBuildConfiguration;
			buildSettings = {
				ALWAYS_SEARCH_USER_PATHS = NO;
				CLANG_ANALYZER_LOCALIZABILITY_NONLOCALIZED = YES;
				CLANG_ANALYZER_NONNULL = YES;
				CLANG_CXX_LANGUAGE_STANDARD = "gnu++0x";
				CLANG_CXX_LIBRARY = "libc++";
				CLANG_ENABLE_MODULES = YES;
				CLANG_ENABLE_OBJC_ARC = YES;
				CLANG_WARN_BLOCK_CAPTURE_AUTORELEASING = YES;
				CLANG_WARN_BOOL_CONVERSION = YES;
				CLANG_WARN_COMMA = YES;
				CLANG_WARN_CONSTANT_CONVERSION = YES;
				CLANG_WARN_DEPRECATED_OBJC_IMPLEMENTATIONS = YES;
				CLANG_WARN_DIRECT_OBJC_ISA_USAGE = YES_ERROR;
				CLANG_WARN_EMPTY_BODY = YES;
				CLANG_WARN_ENUM_CONVERSION = YES;
				CLANG_WARN_INFINITE_RECURSION = YES;
				CLANG_WARN_INT_CONVERSION = YES;
				CLANG_WARN_NON_LITERAL_NULL_CONVERSION = YES;
				CLANG_WARN_OBJC_IMPLICIT_RETAIN_SELF = YES;
				CLANG_WARN_OBJC_LITERAL_CONVERSION = YES;
				CLANG_WARN_OBJC_ROOT_CLASS = YES_ERROR;
				CLANG_WARN_RANGE_LOOP_ANALYSIS = YES;
				CLANG_WARN_STRICT_PROTOTYPES = YES;
				CLANG_WARN_SUSPICIOUS_MOVE = YES;
				CLANG_WARN_UNREACHABLE_CODE = YES;
				CLANG_WARN__DUPLICATE_METHOD_MATCH = YES;
				CODE_SIGN_IDENTITY = "-";
				COPY_PHASE_STRIP = NO;
				CURRENT_PROJECT_VERSION = 1;
				DEBUG_INFORMATION_FORMAT = "dwarf-with-dsym";
				ENABLE_NS_ASSERTIONS = NO;
				ENABLE_STRICT_OBJC_MSGSEND = YES;
				GCC_C_LANGUAGE_STANDARD = gnu99;
				GCC_NO_COMMON_BLOCKS = YES;
				GCC_WARN_64_TO_32_BIT_CONVERSION = YES;
				GCC_WARN_ABOUT_RETURN_TYPE = YES_ERROR;
				GCC_WARN_UNDECLARED_SELECTOR = YES;
				GCC_WARN_UNINITIALIZED_AUTOS = YES_AGGRESSIVE;
				GCC_WARN_UNUSED_FUNCTION = YES;
				GCC_WARN_UNUSED_VARIABLE = YES;
				MACOSX_DEPLOYMENT_TARGET = 10.10;
				MTL_ENABLE_DEBUG_INFO = NO;
				SDKROOT = macosx;
				SWIFT_SWIFT3_OBJC_INFERENCE = Off;
				SWIFT_VERSION = 5.0;
				VERSIONING_SYSTEM = "apple-generic";
				VERSION_INFO_PREFIX = "";
			};
			name = Release;
		};
		038527E71CD46A1500F4B44B /* Debug */ = {
			isa = XCBuildConfiguration;
			buildSettings = {
				COMBINE_HIDPI_IMAGES = YES;
				DEFINES_MODULE = YES;
				DYLIB_COMPATIBILITY_VERSION = 1;
				DYLIB_CURRENT_VERSION = 1;
				DYLIB_INSTALL_NAME_BASE = "@rpath";
				FRAMEWORK_VERSION = A;
				INFOPLIST_FILE = stream/Info.plist;
				INSTALL_PATH = "$(LOCAL_LIBRARY_DIR)/Frameworks";
				LD_RUNPATH_SEARCH_PATHS = (
					"$(inherited)",
					"@executable_path/../Frameworks",
					"@loader_path/Frameworks",
				);
				PRODUCT_BUNDLE_IDENTIFIER = com.tffenterprises.stream;
				PRODUCT_NAME = "$(TARGET_NAME)";
				SKIP_INSTALL = YES;
				SWIFT_ACTIVE_COMPILATION_CONDITIONS = DEBUG;
			};
			name = Debug;
		};
		038527E81CD46A1500F4B44B /* Release */ = {
			isa = XCBuildConfiguration;
			buildSettings = {
				COMBINE_HIDPI_IMAGES = YES;
				DEFINES_MODULE = YES;
				DYLIB_COMPATIBILITY_VERSION = 1;
				DYLIB_CURRENT_VERSION = 1;
				DYLIB_INSTALL_NAME_BASE = "@rpath";
				FRAMEWORK_VERSION = A;
				INFOPLIST_FILE = stream/Info.plist;
				INSTALL_PATH = "$(LOCAL_LIBRARY_DIR)/Frameworks";
				LD_RUNPATH_SEARCH_PATHS = (
					"$(inherited)",
					"@executable_path/../Frameworks",
					"@loader_path/Frameworks",
				);
				PRODUCT_BUNDLE_IDENTIFIER = com.tffenterprises.stream;
				PRODUCT_NAME = "$(TARGET_NAME)";
				SKIP_INSTALL = YES;
				SWIFT_ACTIVE_COMPILATION_CONDITIONS = "";
				SWIFT_COMPILATION_MODE = wholemodule;
				SWIFT_OPTIMIZATION_LEVEL = "-O";
			};
			name = Release;
		};
		038527EA1CD46A1500F4B44B /* Debug */ = {
			isa = XCBuildConfiguration;
			buildSettings = {
				COMBINE_HIDPI_IMAGES = YES;
				INFOPLIST_FILE = streamTests/Info.plist;
				LD_RUNPATH_SEARCH_PATHS = (
					"$(inherited)",
					"@executable_path/../Frameworks",
					"@loader_path/../Frameworks",
				);
				PRODUCT_BUNDLE_IDENTIFIER = com.tffenterprises.streamTests;
				PRODUCT_NAME = "$(TARGET_NAME)";
			};
			name = Debug;
		};
		038527EB1CD46A1500F4B44B /* Release */ = {
			isa = XCBuildConfiguration;
			buildSettings = {
				COMBINE_HIDPI_IMAGES = YES;
				INFOPLIST_FILE = streamTests/Info.plist;
				LD_RUNPATH_SEARCH_PATHS = (
					"$(inherited)",
					"@executable_path/../Frameworks",
					"@loader_path/../Frameworks",
				);
				PRODUCT_BUNDLE_IDENTIFIER = com.tffenterprises.streamTests;
				PRODUCT_NAME = "$(TARGET_NAME)";
				SWIFT_COMPILATION_MODE = wholemodule;
				SWIFT_OPTIMIZATION_LEVEL = "-O";
			};
			name = Release;
		};
/* End XCBuildConfiguration section */

/* Begin XCConfigurationList section */
		038527CC1CD46A1500F4B44B /* Build configuration list for PBXProject "stream" */ = {
			isa = XCConfigurationList;
			buildConfigurations = (
				038527E41CD46A1500F4B44B /* Debug */,
				038527E51CD46A1500F4B44B /* Release */,
			);
			defaultConfigurationIsVisible = 0;
			defaultConfigurationName = Release;
		};
		038527E61CD46A1500F4B44B /* Build configuration list for PBXNativeTarget "ReactiveStreams" */ = {
			isa = XCConfigurationList;
			buildConfigurations = (
				038527E71CD46A1500F4B44B /* Debug */,
				038527E81CD46A1500F4B44B /* Release */,
			);
			defaultConfigurationIsVisible = 0;
			defaultConfigurationName = Release;
		};
		038527E91CD46A1500F4B44B /* Build configuration list for PBXNativeTarget "ReactiveStreamsTests" */ = {
			isa = XCConfigurationList;
			buildConfigurations = (
				038527EA1CD46A1500F4B44B /* Debug */,
				038527EB1CD46A1500F4B44B /* Release */,
			);
			defaultConfigurationIsVisible = 0;
			defaultConfigurationName = Release;
		};
/* End XCConfigurationList section */

/* Begin XCRemoteSwiftPackageReference section */
		034F955123E0A8DD0086343E /* XCRemoteSwiftPackageReference "deferred" */ = {
			isa = XCRemoteSwiftPackageReference;
			repositoryURL = "https://github.com/glessard/deferred.git";
			requirement = {
				kind = versionRange;
				maximumVersion = 5.1.0;
				minimumVersion = 5.0.0;
			};
		};
/* End XCRemoteSwiftPackageReference section */

/* Begin XCSwiftPackageProductDependency section */
		034F955223E0A8DD0086343E /* deferred */ = {
			isa = XCSwiftPackageProductDependency;
			package = 034F955123E0A8DD0086343E /* XCRemoteSwiftPackageReference "deferred" */;
			productName = deferred;
		};
/* End XCSwiftPackageProductDependency section */
	};
	rootObject = 038527C91CD46A1500F4B44B /* Project object */;
}
